
Microsoft Visual Studio Solution File, Format Version 12.00
# Visual Studio 14
VisualStudioVersion = 14.0.25420.1
MinimumVisualStudioVersion = 10.0.40219.1
Project("{FAE04EC0-301F-11D3-BF4B-00C04F79EFBC}") = "XamFormsUWPOAuth.Droid", "XamFormsUWPOAuth\XamFormsUWPOAuth.Droid\XamFormsUWPOAuth.Droid.csproj", "{D687A513-8B96-45D2-A5A6-A746654114BE}"
EndProject
Project("{FAE04EC0-301F-11D3-BF4B-00C04F79EFBC}") = "XamFormsUWPOAuth.iOS", "XamFormsUWPOAuth\XamFormsUWPOAuth.iOS\XamFormsUWPOAuth.iOS.csproj", "{59190673-F524-4DC0-A211-D92C95AB464D}"
EndProject
Project("{FAE04EC0-301F-11D3-BF4B-00C04F79EFBC}") = "XamFormsUWPOAuth.UWP", "XamFormsUWPOAuth\XamFormsUWPOAuth.UWP\XamFormsUWPOAuth.UWP.csproj", "{DD0FC546-362C-4ED6-B36C-A6B4F99F7E20}"
EndProject
Project("{FAE04EC0-301F-11D3-BF4B-00C04F79EFBC}") = "XamFormsUWPOAuth.Forms", "XamFormsUWPOAuth\XamFormsUWPOAuth\XamFormsUWPOAuth.Forms.csproj", "{D738B015-6A78-40E7-BB8A-C1F7C5A360AD}"
EndProject
Project("{FAE04EC0-301F-11D3-BF4B-00C04F79EFBC}") = "XamFormsUWPOAuth.Shared", "XamFormsUWPOAuth.Shared\XamFormsUWPOAuth.Shared.csproj", "{226746A4-77B8-4AD2-A1A3-7C8D3F8AB6E9}"
EndProject
Global
	GlobalSection(SolutionConfigurationPlatforms) = preSolution
		Ad-Hoc|Any CPU = Ad-Hoc|Any CPU
		Ad-Hoc|ARM = Ad-Hoc|ARM
		Ad-Hoc|iPhone = Ad-Hoc|iPhone
		Ad-Hoc|iPhoneSimulator = Ad-Hoc|iPhoneSimulator
		Ad-Hoc|x64 = Ad-Hoc|x64
		Ad-Hoc|x86 = Ad-Hoc|x86
		AppStore|Any CPU = AppStore|Any CPU
		AppStore|ARM = AppStore|ARM
		AppStore|iPhone = AppStore|iPhone
		AppStore|iPhoneSimulator = AppStore|iPhoneSimulator
		AppStore|x64 = AppStore|x64
		AppStore|x86 = AppStore|x86
		Debug|Any CPU = Debug|Any CPU
		Debug|ARM = Debug|ARM
		Debug|iPhone = Debug|iPhone
		Debug|iPhoneSimulator = Debug|iPhoneSimulator
		Debug|x64 = Debug|x64
		Debug|x86 = Debug|x86
		Release|Any CPU = Release|Any CPU
		Release|ARM = Release|ARM
		Release|iPhone = Release|iPhone
		Release|iPhoneSimulator = Release|iPhoneSimulator
		Release|x64 = Release|x64
		Release|x86 = Release|x86
	EndGlobalSection
	GlobalSection(ProjectConfigurationPlatforms) = postSolution
		{D687A513-8B96-45D2-A5A6-A746654114BE}.Ad-Hoc|Any CPU.ActiveCfg = Release|Any CPU
		{D687A513-8B96-45D2-A5A6-A746654114BE}.Ad-Hoc|Any CPU.Build.0 = Release|Any CPU
		{D687A513-8B96-45D2-A5A6-A746654114BE}.Ad-Hoc|Any CPU.Deploy.0 = Release|Any CPU
		{D687A513-8B96-45D2-A5A6-A746654114BE}.Ad-Hoc|ARM.ActiveCfg = Release|Any CPU
		{D687A513-8B96-45D2-A5A6-A746654114BE}.Ad-Hoc|ARM.Build.0 = Release|Any CPU
		{D687A513-8B96-45D2-A5A6-A746654114BE}.Ad-Hoc|ARM.Deploy.0 = Release|Any CPU
		{D687A513-8B96-45D2-A5A6-A746654114BE}.Ad-Hoc|iPhone.ActiveCfg = Release|Any CPU
		{D687A513-8B96-45D2-A5A6-A746654114BE}.Ad-Hoc|iPhone.Build.0 = Release|Any CPU
		{D687A513-8B96-45D2-A5A6-A746654114BE}.Ad-Hoc|iPhone.Deploy.0 = Release|Any CPU
		{D687A513-8B96-45D2-A5A6-A746654114BE}.Ad-Hoc|iPhoneSimulator.ActiveCfg = Release|Any CPU
		{D687A513-8B96-45D2-A5A6-A746654114BE}.Ad-Hoc|iPhoneSimulator.Build.0 = Release|Any CPU
		{D687A513-8B96-45D2-A5A6-A746654114BE}.Ad-Hoc|iPhoneSimulator.Deploy.0 = Release|Any CPU
		{D687A513-8B96-45D2-A5A6-A746654114BE}.Ad-Hoc|x64.ActiveCfg = Release|Any CPU
		{D687A513-8B96-45D2-A5A6-A746654114BE}.Ad-Hoc|x64.Build.0 = Release|Any CPU
		{D687A513-8B96-45D2-A5A6-A746654114BE}.Ad-Hoc|x64.Deploy.0 = Release|Any CPU
		{D687A513-8B96-45D2-A5A6-A746654114BE}.Ad-Hoc|x86.ActiveCfg = Release|Any CPU
		{D687A513-8B96-45D2-A5A6-A746654114BE}.Ad-Hoc|x86.Build.0 = Release|Any CPU
		{D687A513-8B96-45D2-A5A6-A746654114BE}.Ad-Hoc|x86.Deploy.0 = Release|Any CPU
		{D687A513-8B96-45D2-A5A6-A746654114BE}.AppStore|Any CPU.ActiveCfg = Release|Any CPU
		{D687A513-8B96-45D2-A5A6-A746654114BE}.AppStore|Any CPU.Build.0 = Release|Any CPU
		{D687A513-8B96-45D2-A5A6-A746654114BE}.AppStore|Any CPU.Deploy.0 = Release|Any CPU
		{D687A513-8B96-45D2-A5A6-A746654114BE}.AppStore|ARM.ActiveCfg = Release|Any CPU
		{D687A513-8B96-45D2-A5A6-A746654114BE}.AppStore|ARM.Build.0 = Release|Any CPU
		{D687A513-8B96-45D2-A5A6-A746654114BE}.AppStore|ARM.Deploy.0 = Release|Any CPU
		{D687A513-8B96-45D2-A5A6-A746654114BE}.AppStore|iPhone.ActiveCfg = Release|Any CPU
		{D687A513-8B96-45D2-A5A6-A746654114BE}.AppStore|iPhone.Build.0 = Release|Any CPU
		{D687A513-8B96-45D2-A5A6-A746654114BE}.AppStore|iPhone.Deploy.0 = Release|Any CPU
		{D687A513-8B96-45D2-A5A6-A746654114BE}.AppStore|iPhoneSimulator.ActiveCfg = Release|Any CPU
		{D687A513-8B96-45D2-A5A6-A746654114BE}.AppStore|iPhoneSimulator.Build.0 = Release|Any CPU
		{D687A513-8B96-45D2-A5A6-A746654114BE}.AppStore|iPhoneSimulator.Deploy.0 = Release|Any CPU
		{D687A513-8B96-45D2-A5A6-A746654114BE}.AppStore|x64.ActiveCfg = Release|Any CPU
		{D687A513-8B96-45D2-A5A6-A746654114BE}.AppStore|x64.Build.0 = Release|Any CPU
		{D687A513-8B96-45D2-A5A6-A746654114BE}.AppStore|x64.Deploy.0 = Release|Any CPU
		{D687A513-8B96-45D2-A5A6-A746654114BE}.AppStore|x86.ActiveCfg = Release|Any CPU
		{D687A513-8B96-45D2-A5A6-A746654114BE}.AppStore|x86.Build.0 = Release|Any CPU
		{D687A513-8B96-45D2-A5A6-A746654114BE}.AppStore|x86.Deploy.0 = Release|Any CPU
		{D687A513-8B96-45D2-A5A6-A746654114BE}.Debug|Any CPU.ActiveCfg = Debug|Any CPU
		{D687A513-8B96-45D2-A5A6-A746654114BE}.Debug|Any CPU.Build.0 = Debug|Any CPU
		{D687A513-8B96-45D2-A5A6-A746654114BE}.Debug|Any CPU.Deploy.0 = Debug|Any CPU
		{D687A513-8B96-45D2-A5A6-A746654114BE}.Debug|ARM.ActiveCfg = Debug|Any CPU
		{D687A513-8B96-45D2-A5A6-A746654114BE}.Debug|ARM.Build.0 = Debug|Any CPU
		{D687A513-8B96-45D2-A5A6-A746654114BE}.Debug|ARM.Deploy.0 = Debug|Any CPU
		{D687A513-8B96-45D2-A5A6-A746654114BE}.Debug|iPhone.ActiveCfg = Debug|Any CPU
		{D687A513-8B96-45D2-A5A6-A746654114BE}.Debug|iPhone.Build.0 = Debug|Any CPU
		{D687A513-8B96-45D2-A5A6-A746654114BE}.Debug|iPhone.Deploy.0 = Debug|Any CPU
		{D687A513-8B96-45D2-A5A6-A746654114BE}.Debug|iPhoneSimulator.ActiveCfg = Debug|Any CPU
		{D687A513-8B96-45D2-A5A6-A746654114BE}.Debug|iPhoneSimulator.Build.0 = Debug|Any CPU
		{D687A513-8B96-45D2-A5A6-A746654114BE}.Debug|iPhoneSimulator.Deploy.0 = Debug|Any CPU
		{D687A513-8B96-45D2-A5A6-A746654114BE}.Debug|x64.ActiveCfg = Debug|Any CPU
		{D687A513-8B96-45D2-A5A6-A746654114BE}.Debug|x64.Build.0 = Debug|Any CPU
		{D687A513-8B96-45D2-A5A6-A746654114BE}.Debug|x64.Deploy.0 = Debug|Any CPU
		{D687A513-8B96-45D2-A5A6-A746654114BE}.Debug|x86.ActiveCfg = Debug|Any CPU
		{D687A513-8B96-45D2-A5A6-A746654114BE}.Debug|x86.Build.0 = Debug|Any CPU
		{D687A513-8B96-45D2-A5A6-A746654114BE}.Debug|x86.Deploy.0 = Debug|Any CPU
		{D687A513-8B96-45D2-A5A6-A746654114BE}.Release|Any CPU.ActiveCfg = Release|Any CPU
		{D687A513-8B96-45D2-A5A6-A746654114BE}.Release|Any CPU.Build.0 = Release|Any CPU
		{D687A513-8B96-45D2-A5A6-A746654114BE}.Release|Any CPU.Deploy.0 = Release|Any CPU
		{D687A513-8B96-45D2-A5A6-A746654114BE}.Release|ARM.ActiveCfg = Release|Any CPU
		{D687A513-8B96-45D2-A5A6-A746654114BE}.Release|ARM.Build.0 = Release|Any CPU
		{D687A513-8B96-45D2-A5A6-A746654114BE}.Release|ARM.Deploy.0 = Release|Any CPU
		{D687A513-8B96-45D2-A5A6-A746654114BE}.Release|iPhone.ActiveCfg = Release|Any CPU
		{D687A513-8B96-45D2-A5A6-A746654114BE}.Release|iPhone.Build.0 = Release|Any CPU
		{D687A513-8B96-45D2-A5A6-A746654114BE}.Release|iPhone.Deploy.0 = Release|Any CPU
		{D687A513-8B96-45D2-A5A6-A746654114BE}.Release|iPhoneSimulator.ActiveCfg = Release|Any CPU
		{D687A513-8B96-45D2-A5A6-A746654114BE}.Release|iPhoneSimulator.Build.0 = Release|Any CPU
		{D687A513-8B96-45D2-A5A6-A746654114BE}.Release|iPhoneSimulator.Deploy.0 = Release|Any CPU
		{D687A513-8B96-45D2-A5A6-A746654114BE}.Release|x64.ActiveCfg = Release|Any CPU
		{D687A513-8B96-45D2-A5A6-A746654114BE}.Release|x64.Build.0 = Release|Any CPU
		{D687A513-8B96-45D2-A5A6-A746654114BE}.Release|x64.Deploy.0 = Release|Any CPU
		{D687A513-8B96-45D2-A5A6-A746654114BE}.Release|x86.ActiveCfg = Release|Any CPU
		{D687A513-8B96-45D2-A5A6-A746654114BE}.Release|x86.Build.0 = Release|Any CPU
		{D687A513-8B96-45D2-A5A6-A746654114BE}.Release|x86.Deploy.0 = Release|Any CPU
		{59190673-F524-4DC0-A211-D92C95AB464D}.Ad-Hoc|Any CPU.ActiveCfg = Ad-Hoc|iPhone
		{59190673-F524-4DC0-A211-D92C95AB464D}.Ad-Hoc|ARM.ActiveCfg = Ad-Hoc|iPhone
		{59190673-F524-4DC0-A211-D92C95AB464D}.Ad-Hoc|iPhone.ActiveCfg = Ad-Hoc|iPhone
		{59190673-F524-4DC0-A211-D92C95AB464D}.Ad-Hoc|iPhone.Build.0 = Ad-Hoc|iPhone
		{59190673-F524-4DC0-A211-D92C95AB464D}.Ad-Hoc|iPhoneSimulator.ActiveCfg = Ad-Hoc|iPhoneSimulator
		{59190673-F524-4DC0-A211-D92C95AB464D}.Ad-Hoc|iPhoneSimulator.Build.0 = Ad-Hoc|iPhoneSimulator
		{59190673-F524-4DC0-A211-D92C95AB464D}.Ad-Hoc|x64.ActiveCfg = Ad-Hoc|iPhone
		{59190673-F524-4DC0-A211-D92C95AB464D}.Ad-Hoc|x86.ActiveCfg = Ad-Hoc|iPhone
		{59190673-F524-4DC0-A211-D92C95AB464D}.AppStore|Any CPU.ActiveCfg = AppStore|iPhone
		{59190673-F524-4DC0-A211-D92C95AB464D}.AppStore|ARM.ActiveCfg = AppStore|iPhone
		{59190673-F524-4DC0-A211-D92C95AB464D}.AppStore|iPhone.ActiveCfg = AppStore|iPhone
		{59190673-F524-4DC0-A211-D92C95AB464D}.AppStore|iPhone.Build.0 = AppStore|iPhone
		{59190673-F524-4DC0-A211-D92C95AB464D}.AppStore|iPhoneSimulator.ActiveCfg = AppStore|iPhoneSimulator
		{59190673-F524-4DC0-A211-D92C95AB464D}.AppStore|iPhoneSimulator.Build.0 = AppStore|iPhoneSimulator
		{59190673-F524-4DC0-A211-D92C95AB464D}.AppStore|x64.ActiveCfg = AppStore|iPhone
		{59190673-F524-4DC0-A211-D92C95AB464D}.AppStore|x86.ActiveCfg = AppStore|iPhone
		{59190673-F524-4DC0-A211-D92C95AB464D}.Debug|Any CPU.ActiveCfg = Debug|iPhone
		{59190673-F524-4DC0-A211-D92C95AB464D}.Debug|Any CPU.Build.0 = Debug|iPhone
		{59190673-F524-4DC0-A211-D92C95AB464D}.Debug|ARM.ActiveCfg = Debug|iPhone
		{59190673-F524-4DC0-A211-D92C95AB464D}.Debug|iPhone.ActiveCfg = Debug|iPhone
		{59190673-F524-4DC0-A211-D92C95AB464D}.Debug|iPhone.Build.0 = Debug|iPhone
		{59190673-F524-4DC0-A211-D92C95AB464D}.Debug|iPhoneSimulator.ActiveCfg = Debug|iPhoneSimulator
		{59190673-F524-4DC0-A211-D92C95AB464D}.Debug|iPhoneSimulator.Build.0 = Debug|iPhoneSimulator
		{59190673-F524-4DC0-A211-D92C95AB464D}.Debug|x64.ActiveCfg = Debug|iPhone
		{59190673-F524-4DC0-A211-D92C95AB464D}.Debug|x86.ActiveCfg = Debug|iPhone
		{59190673-F524-4DC0-A211-D92C95AB464D}.Release|Any CPU.ActiveCfg = Release|iPhone
		{59190673-F524-4DC0-A211-D92C95AB464D}.Release|ARM.ActiveCfg = Release|iPhone
		{59190673-F524-4DC0-A211-D92C95AB464D}.Release|iPhone.ActiveCfg = Release|iPhone
		{59190673-F524-4DC0-A211-D92C95AB464D}.Release|iPhone.Build.0 = Release|iPhone
		{59190673-F524-4DC0-A211-D92C95AB464D}.Release|iPhoneSimulator.ActiveCfg = Release|iPhoneSimulator
		{59190673-F524-4DC0-A211-D92C95AB464D}.Release|iPhoneSimulator.Build.0 = Release|iPhoneSimulator
		{59190673-F524-4DC0-A211-D92C95AB464D}.Release|x64.ActiveCfg = Release|iPhone
		{59190673-F524-4DC0-A211-D92C95AB464D}.Release|x86.ActiveCfg = Release|iPhone
		{DD0FC546-362C-4ED6-B36C-A6B4F99F7E20}.Ad-Hoc|Any CPU.ActiveCfg = Release|x86
		{DD0FC546-362C-4ED6-B36C-A6B4F99F7E20}.Ad-Hoc|Any CPU.Build.0 = Release|x86
		{DD0FC546-362C-4ED6-B36C-A6B4F99F7E20}.Ad-Hoc|Any CPU.Deploy.0 = Release|x86
		{DD0FC546-362C-4ED6-B36C-A6B4F99F7E20}.Ad-Hoc|ARM.ActiveCfg = Release|ARM
		{DD0FC546-362C-4ED6-B36C-A6B4F99F7E20}.Ad-Hoc|ARM.Build.0 = Release|ARM
		{DD0FC546-362C-4ED6-B36C-A6B4F99F7E20}.Ad-Hoc|ARM.Deploy.0 = Release|ARM
		{DD0FC546-362C-4ED6-B36C-A6B4F99F7E20}.Ad-Hoc|iPhone.ActiveCfg = Release|x86
		{DD0FC546-362C-4ED6-B36C-A6B4F99F7E20}.Ad-Hoc|iPhone.Build.0 = Release|x86
		{DD0FC546-362C-4ED6-B36C-A6B4F99F7E20}.Ad-Hoc|iPhone.Deploy.0 = Release|x86
		{DD0FC546-362C-4ED6-B36C-A6B4F99F7E20}.Ad-Hoc|iPhoneSimulator.ActiveCfg = Release|x86
		{DD0FC546-362C-4ED6-B36C-A6B4F99F7E20}.Ad-Hoc|iPhoneSimulator.Build.0 = Release|x86
		{DD0FC546-362C-4ED6-B36C-A6B4F99F7E20}.Ad-Hoc|iPhoneSimulator.Deploy.0 = Release|x86
		{DD0FC546-362C-4ED6-B36C-A6B4F99F7E20}.Ad-Hoc|x64.ActiveCfg = Release|x64
		{DD0FC546-362C-4ED6-B36C-A6B4F99F7E20}.Ad-Hoc|x64.Build.0 = Release|x64
		{DD0FC546-362C-4ED6-B36C-A6B4F99F7E20}.Ad-Hoc|x64.Deploy.0 = Release|x64
		{DD0FC546-362C-4ED6-B36C-A6B4F99F7E20}.Ad-Hoc|x86.ActiveCfg = Release|x86
		{DD0FC546-362C-4ED6-B36C-A6B4F99F7E20}.Ad-Hoc|x86.Build.0 = Release|x86
		{DD0FC546-362C-4ED6-B36C-A6B4F99F7E20}.Ad-Hoc|x86.Deploy.0 = Release|x86
		{DD0FC546-362C-4ED6-B36C-A6B4F99F7E20}.AppStore|Any CPU.ActiveCfg = Release|x86
		{DD0FC546-362C-4ED6-B36C-A6B4F99F7E20}.AppStore|Any CPU.Build.0 = Release|x86
		{DD0FC546-362C-4ED6-B36C-A6B4F99F7E20}.AppStore|Any CPU.Deploy.0 = Release|x86
		{DD0FC546-362C-4ED6-B36C-A6B4F99F7E20}.AppStore|ARM.ActiveCfg = Release|ARM
		{DD0FC546-362C-4ED6-B36C-A6B4F99F7E20}.AppStore|ARM.Build.0 = Release|ARM
		{DD0FC546-362C-4ED6-B36C-A6B4F99F7E20}.AppStore|ARM.Deploy.0 = Release|ARM
		{DD0FC546-362C-4ED6-B36C-A6B4F99F7E20}.AppStore|iPhone.ActiveCfg = Release|x86
		{DD0FC546-362C-4ED6-B36C-A6B4F99F7E20}.AppStore|iPhone.Build.0 = Release|x86
		{DD0FC546-362C-4ED6-B36C-A6B4F99F7E20}.AppStore|iPhone.Deploy.0 = Release|x86
		{DD0FC546-362C-4ED6-B36C-A6B4F99F7E20}.AppStore|iPhoneSimulator.ActiveCfg = Release|x86
		{DD0FC546-362C-4ED6-B36C-A6B4F99F7E20}.AppStore|iPhoneSimulator.Build.0 = Release|x86
		{DD0FC546-362C-4ED6-B36C-A6B4F99F7E20}.AppStore|iPhoneSimulator.Deploy.0 = Release|x86
		{DD0FC546-362C-4ED6-B36C-A6B4F99F7E20}.AppStore|x64.ActiveCfg = Release|x64
		{DD0FC546-362C-4ED6-B36C-A6B4F99F7E20}.AppStore|x64.Build.0 = Release|x64
		{DD0FC546-362C-4ED6-B36C-A6B4F99F7E20}.AppStore|x64.Deploy.0 = Release|x64
		{DD0FC546-362C-4ED6-B36C-A6B4F99F7E20}.AppStore|x86.ActiveCfg = Release|x86
		{DD0FC546-362C-4ED6-B36C-A6B4F99F7E20}.AppStore|x86.Build.0 = Release|x86
		{DD0FC546-362C-4ED6-B36C-A6B4F99F7E20}.AppStore|x86.Deploy.0 = Release|x86
		{DD0FC546-362C-4ED6-B36C-A6B4F99F7E20}.Debug|Any CPU.ActiveCfg = Debug|x86
		{DD0FC546-362C-4ED6-B36C-A6B4F99F7E20}.Debug|Any CPU.Build.0 = Debug|x86
		{DD0FC546-362C-4ED6-B36C-A6B4F99F7E20}.Debug|Any CPU.Deploy.0 = Debug|x86
		{DD0FC546-362C-4ED6-B36C-A6B4F99F7E20}.Debug|ARM.ActiveCfg = Debug|ARM
		{DD0FC546-362C-4ED6-B36C-A6B4F99F7E20}.Debug|ARM.Build.0 = Debug|ARM
		{DD0FC546-362C-4ED6-B36C-A6B4F99F7E20}.Debug|ARM.Deploy.0 = Debug|ARM
		{DD0FC546-362C-4ED6-B36C-A6B4F99F7E20}.Debug|iPhone.ActiveCfg = Debug|x86
		{DD0FC546-362C-4ED6-B36C-A6B4F99F7E20}.Debug|iPhoneSimulator.ActiveCfg = Debug|x86
		{DD0FC546-362C-4ED6-B36C-A6B4F99F7E20}.Debug|iPhoneSimulator.Build.0 = Debug|x86
		{DD0FC546-362C-4ED6-B36C-A6B4F99F7E20}.Debug|iPhoneSimulator.Deploy.0 = Debug|x86
		{DD0FC546-362C-4ED6-B36C-A6B4F99F7E20}.Debug|x64.ActiveCfg = Debug|x64
		{DD0FC546-362C-4ED6-B36C-A6B4F99F7E20}.Debug|x64.Build.0 = Debug|x64
		{DD0FC546-362C-4ED6-B36C-A6B4F99F7E20}.Debug|x64.Deploy.0 = Debug|x64
		{DD0FC546-362C-4ED6-B36C-A6B4F99F7E20}.Debug|x86.ActiveCfg = Debug|x86
		{DD0FC546-362C-4ED6-B36C-A6B4F99F7E20}.Debug|x86.Build.0 = Debug|x86
		{DD0FC546-362C-4ED6-B36C-A6B4F99F7E20}.Debug|x86.Deploy.0 = Debug|x86
		{DD0FC546-362C-4ED6-B36C-A6B4F99F7E20}.Release|Any CPU.ActiveCfg = Release|x86
		{DD0FC546-362C-4ED6-B36C-A6B4F99F7E20}.Release|ARM.ActiveCfg = Release|ARM
		{DD0FC546-362C-4ED6-B36C-A6B4F99F7E20}.Release|ARM.Build.0 = Release|ARM
		{DD0FC546-362C-4ED6-B36C-A6B4F99F7E20}.Release|ARM.Deploy.0 = Release|ARM
		{DD0FC546-362C-4ED6-B36C-A6B4F99F7E20}.Release|iPhone.ActiveCfg = Release|x86
		{DD0FC546-362C-4ED6-B36C-A6B4F99F7E20}.Release|iPhoneSimulator.ActiveCfg = Release|x86
		{DD0FC546-362C-4ED6-B36C-A6B4F99F7E20}.Release|x64.ActiveCfg = Release|x64
		{DD0FC546-362C-4ED6-B36C-A6B4F99F7E20}.Release|x64.Build.0 = Release|x64
		{DD0FC546-362C-4ED6-B36C-A6B4F99F7E20}.Release|x64.Deploy.0 = Release|x64
		{DD0FC546-362C-4ED6-B36C-A6B4F99F7E20}.Release|x86.ActiveCfg = Release|x86
		{DD0FC546-362C-4ED6-B36C-A6B4F99F7E20}.Release|x86.Build.0 = Release|x86
		{DD0FC546-362C-4ED6-B36C-A6B4F99F7E20}.Release|x86.Deploy.0 = Release|x86
		{D738B015-6A78-40E7-BB8A-C1F7C5A360AD}.Ad-Hoc|Any CPU.ActiveCfg = Release|Any CPU
		{D738B015-6A78-40E7-BB8A-C1F7C5A360AD}.Ad-Hoc|Any CPU.Build.0 = Release|Any CPU
		{D738B015-6A78-40E7-BB8A-C1F7C5A360AD}.Ad-Hoc|ARM.ActiveCfg = Release|Any CPU
		{D738B015-6A78-40E7-BB8A-C1F7C5A360AD}.Ad-Hoc|ARM.Build.0 = Release|Any CPU
		{D738B015-6A78-40E7-BB8A-C1F7C5A360AD}.Ad-Hoc|iPhone.ActiveCfg = Release|Any CPU
		{D738B015-6A78-40E7-BB8A-C1F7C5A360AD}.Ad-Hoc|iPhone.Build.0 = Release|Any CPU
		{D738B015-6A78-40E7-BB8A-C1F7C5A360AD}.Ad-Hoc|iPhoneSimulator.ActiveCfg = Release|Any CPU
		{D738B015-6A78-40E7-BB8A-C1F7C5A360AD}.Ad-Hoc|iPhoneSimulator.Build.0 = Release|Any CPU
		{D738B015-6A78-40E7-BB8A-C1F7C5A360AD}.Ad-Hoc|x64.ActiveCfg = Release|Any CPU
		{D738B015-6A78-40E7-BB8A-C1F7C5A360AD}.Ad-Hoc|x64.Build.0 = Release|Any CPU
		{D738B015-6A78-40E7-BB8A-C1F7C5A360AD}.Ad-Hoc|x86.ActiveCfg = Release|Any CPU
		{D738B015-6A78-40E7-BB8A-C1F7C5A360AD}.Ad-Hoc|x86.Build.0 = Release|Any CPU
		{D738B015-6A78-40E7-BB8A-C1F7C5A360AD}.AppStore|Any CPU.ActiveCfg = Release|Any CPU
		{D738B015-6A78-40E7-BB8A-C1F7C5A360AD}.AppStore|Any CPU.Build.0 = Release|Any CPU
		{D738B015-6A78-40E7-BB8A-C1F7C5A360AD}.AppStore|ARM.ActiveCfg = Release|Any CPU
		{D738B015-6A78-40E7-BB8A-C1F7C5A360AD}.AppStore|ARM.Build.0 = Release|Any CPU
		{D738B015-6A78-40E7-BB8A-C1F7C5A360AD}.AppStore|iPhone.ActiveCfg = Release|Any CPU
		{D738B015-6A78-40E7-BB8A-C1F7C5A360AD}.AppStore|iPhone.Build.0 = Release|Any CPU
		{D738B015-6A78-40E7-BB8A-C1F7C5A360AD}.AppStore|iPhoneSimulator.ActiveCfg = Release|Any CPU
		{D738B015-6A78-40E7-BB8A-C1F7C5A360AD}.AppStore|iPhoneSimulator.Build.0 = Release|Any CPU
		{D738B015-6A78-40E7-BB8A-C1F7C5A360AD}.AppStore|x64.ActiveCfg = Release|Any CPU
		{D738B015-6A78-40E7-BB8A-C1F7C5A360AD}.AppStore|x64.Build.0 = Release|Any CPU
		{D738B015-6A78-40E7-BB8A-C1F7C5A360AD}.AppStore|x86.ActiveCfg = Release|Any CPU
		{D738B015-6A78-40E7-BB8A-C1F7C5A360AD}.AppStore|x86.Build.0 = Release|Any CPU
		{D738B015-6A78-40E7-BB8A-C1F7C5A360AD}.Debug|Any CPU.ActiveCfg = Debug|Any CPU
		{D738B015-6A78-40E7-BB8A-C1F7C5A360AD}.Debug|Any CPU.Build.0 = Debug|Any CPU
		{D738B015-6A78-40E7-BB8A-C1F7C5A360AD}.Debug|ARM.ActiveCfg = Debug|Any CPU
		{D738B015-6A78-40E7-BB8A-C1F7C5A360AD}.Debug|ARM.Build.0 = Debug|Any CPU
		{D738B015-6A78-40E7-BB8A-C1F7C5A360AD}.Debug|iPhone.ActiveCfg = Debug|Any CPU
		{D738B015-6A78-40E7-BB8A-C1F7C5A360AD}.Debug|iPhone.Build.0 = Debug|Any CPU
		{D738B015-6A78-40E7-BB8A-C1F7C5A360AD}.Debug|iPhoneSimulator.ActiveCfg = Debug|Any CPU
		{D738B015-6A78-40E7-BB8A-C1F7C5A360AD}.Debug|iPhoneSimulator.Build.0 = Debug|Any CPU
		{D738B015-6A78-40E7-BB8A-C1F7C5A360AD}.Debug|x64.ActiveCfg = Debug|Any CPU
		{D738B015-6A78-40E7-BB8A-C1F7C5A360AD}.Debug|x64.Build.0 = Debug|Any CPU
		{D738B015-6A78-40E7-BB8A-C1F7C5A360AD}.Debug|x86.ActiveCfg = Debug|Any CPU
		{D738B015-6A78-40E7-BB8A-C1F7C5A360AD}.Debug|x86.Build.0 = Debug|Any CPU
		{D738B015-6A78-40E7-BB8A-C1F7C5A360AD}.Release|Any CPU.ActiveCfg = Release|Any CPU
		{D738B015-6A78-40E7-BB8A-C1F7C5A360AD}.Release|Any CPU.Build.0 = Release|Any CPU
		{D738B015-6A78-40E7-BB8A-C1F7C5A360AD}.Release|ARM.ActiveCfg = Release|Any CPU
		{D738B015-6A78-40E7-BB8A-C1F7C5A360AD}.Release|ARM.Build.0 = Release|Any CPU
		{D738B015-6A78-40E7-BB8A-C1F7C5A360AD}.Release|iPhone.ActiveCfg = Release|Any CPU
		{D738B015-6A78-40E7-BB8A-C1F7C5A360AD}.Release|iPhone.Build.0 = Release|Any CPU
		{D738B015-6A78-40E7-BB8A-C1F7C5A360AD}.Release|iPhoneSimulator.ActiveCfg = Release|Any CPU
		{D738B015-6A78-40E7-BB8A-C1F7C5A360AD}.Release|iPhoneSimulator.Build.0 = Release|Any CPU
		{D738B015-6A78-40E7-BB8A-C1F7C5A360AD}.Release|x64.ActiveCfg = Release|Any CPU
		{D738B015-6A78-40E7-BB8A-C1F7C5A360AD}.Release|x64.Build.0 = Release|Any CPU
		{D738B015-6A78-40E7-BB8A-C1F7C5A360AD}.Release|x86.ActiveCfg = Release|Any CPU
		{D738B015-6A78-40E7-BB8A-C1F7C5A360AD}.Release|x86.Build.0 = Release|Any CPU
		{226746A4-77B8-4AD2-A1A3-7C8D3F8AB6E9}.Ad-Hoc|Any CPU.ActiveCfg = Release|Any CPU
		{226746A4-77B8-4AD2-A1A3-7C8D3F8AB6E9}.Ad-Hoc|Any CPU.Build.0 = Release|Any CPU
		{226746A4-77B8-4AD2-A1A3-7C8D3F8AB6E9}.Ad-Hoc|ARM.ActiveCfg = Release|Any CPU
		{226746A4-77B8-4AD2-A1A3-7C8D3F8AB6E9}.Ad-Hoc|ARM.Build.0 = Release|Any CPU
		{226746A4-77B8-4AD2-A1A3-7C8D3F8AB6E9}.Ad-Hoc|iPhone.ActiveCfg = Release|Any CPU
		{226746A4-77B8-4AD2-A1A3-7C8D3F8AB6E9}.Ad-Hoc|iPhone.Build.0 = Release|Any CPU
		{226746A4-77B8-4AD2-A1A3-7C8D3F8AB6E9}.Ad-Hoc|iPhoneSimulator.ActiveCfg = Release|Any CPU
		{226746A4-77B8-4AD2-A1A3-7C8D3F8AB6E9}.Ad-Hoc|iPhoneSimulator.Build.0 = Release|Any CPU
		{226746A4-77B8-4AD2-A1A3-7C8D3F8AB6E9}.Ad-Hoc|x64.ActiveCfg = Release|Any CPU
		{226746A4-77B8-4AD2-A1A3-7C8D3F8AB6E9}.Ad-Hoc|x64.Build.0 = Release|Any CPU
		{226746A4-77B8-4AD2-A1A3-7C8D3F8AB6E9}.Ad-Hoc|x86.ActiveCfg = Release|Any CPU
		{226746A4-77B8-4AD2-A1A3-7C8D3F8AB6E9}.Ad-Hoc|x86.Build.0 = Release|Any CPU
		{226746A4-77B8-4AD2-A1A3-7C8D3F8AB6E9}.AppStore|Any CPU.ActiveCfg = Release|Any CPU
		{226746A4-77B8-4AD2-A1A3-7C8D3F8AB6E9}.AppStore|Any CPU.Build.0 = Release|Any CPU
		{226746A4-77B8-4AD2-A1A3-7C8D3F8AB6E9}.AppStore|ARM.ActiveCfg = Release|Any CPU
		{226746A4-77B8-4AD2-A1A3-7C8D3F8AB6E9}.AppStore|ARM.Build.0 = Release|Any CPU
		{226746A4-77B8-4AD2-A1A3-7C8D3F8AB6E9}.AppStore|iPhone.ActiveCfg = Release|Any CPU
		{226746A4-77B8-4AD2-A1A3-7C8D3F8AB6E9}.AppStore|iPhone.Build.0 = Release|Any CPU
		{226746A4-77B8-4AD2-A1A3-7C8D3F8AB6E9}.AppStore|iPhoneSimulator.ActiveCfg = Release|Any CPU
		{226746A4-77B8-4AD2-A1A3-7C8D3F8AB6E9}.AppStore|iPhoneSimulator.Build.0 = Release|Any CPU
		{226746A4-77B8-4AD2-A1A3-7C8D3F8AB6E9}.AppStore|x64.ActiveCfg = Release|Any CPU
		{226746A4-77B8-4AD2-A1A3-7C8D3F8AB6E9}.AppStore|x64.Build.0 = Release|Any CPU
		{226746A4-77B8-4AD2-A1A3-7C8D3F8AB6E9}.AppStore|x86.ActiveCfg = Release|Any CPU
		{226746A4-77B8-4AD2-A1A3-7C8D3F8AB6E9}.AppStore|x86.Build.0 = Release|Any CPU
		{226746A4-77B8-4AD2-A1A3-7C8D3F8AB6E9}.Debug|Any CPU.ActiveCfg = Debug|Any CPU
		{226746A4-77B8-4AD2-A1A3-7C8D3F8AB6E9}.Debug|Any CPU.Build.0 = Debug|Any CPU
		{226746A4-77B8-4AD2-A1A3-7C8D3F8AB6E9}.Debug|ARM.ActiveCfg = Debug|Any CPU
		{226746A4-77B8-4AD2-A1A3-7C8D3F8AB6E9}.Debug|ARM.Build.0 = Debug|Any CPU
		{226746A4-77B8-4AD2-A1A3-7C8D3F8AB6E9}.Debug|iPhone.ActiveCfg = Debug|Any CPU
		{226746A4-77B8-4AD2-A1A3-7C8D3F8AB6E9}.Debug|iPhone.Build.0 = Debug|Any CPU
		{226746A4-77B8-4AD2-A1A3-7C8D3F8AB6E9}.Debug|iPhoneSimulator.ActiveCfg = Debug|Any CPU
		{226746A4-77B8-4AD2-A1A3-7C8D3F8AB6E9}.Debug|iPhoneSimulator.Build.0 = Debug|Any CPU
		{226746A4-77B8-4AD2-A1A3-7C8D3F8AB6E9}.Debug|x64.ActiveCfg = Debug|Any CPU
		{226746A4-77B8-4AD2-A1A3-7C8D3F8AB6E9}.Debug|x64.Build.0 = Debug|Any CPU
		{226746A4-77B8-4AD2-A1A3-7C8D3F8AB6E9}.Debug|x86.ActiveCfg = Debug|Any CPU
		{226746A4-77B8-4AD2-A1A3-7C8D3F8AB6E9}.Debug|x86.Build.0 = Debug|Any CPU
		{226746A4-77B8-4AD2-A1A3-7C8D3F8AB6E9}.Release|Any CPU.ActiveCfg = Release|Any CPU
		{226746A4-77B8-4AD2-A1A3-7C8D3F8AB6E9}.Release|Any CPU.Build.0 = Release|Any CPU
		{226746A4-77B8-4AD2-A1A3-7C8D3F8AB6E9}.Release|ARM.ActiveCfg = Release|Any CPU
		{226746A4-77B8-4AD2-A1A3-7C8D3F8AB6E9}.Release|ARM.Build.0 = Release|Any CPU
		{226746A4-77B8-4AD2-A1A3-7C8D3F8AB6E9}.Release|iPhone.ActiveCfg = Release|Any CPU
		{226746A4-77B8-4AD2-A1A3-7C8D3F8AB6E9}.Release|iPhone.Build.0 = Release|Any CPU
		{226746A4-77B8-4AD2-A1A3-7C8D3F8AB6E9}.Release|iPhoneSimulator.ActiveCfg = Release|Any CPU
		{226746A4-77B8-4AD2-A1A3-7C8D3F8AB6E9}.Release|iPhoneSimulator.Build.0 = Release|Any CPU
		{226746A4-77B8-4AD2-A1A3-7C8D3F8AB6E9}.Release|x64.ActiveCfg = Release|Any CPU
		{226746A4-77B8-4AD2-A1A3-7C8D3F8AB6E9}.Release|x64.Build.0 = Release|Any CPU
		{226746A4-77B8-4AD2-A1A3-7C8D3F8AB6E9}.Release|x86.ActiveCfg = Release|Any CPU
		{226746A4-77B8-4AD2-A1A3-7C8D3F8AB6E9}.Release|x86.Build.0 = Release|Any CPU
	EndGlobalSection
	GlobalSection(SolutionProperties) = preSolution
		HideSolutionNode = FALSE
	EndGlobalSection
EndGlobal
